// !$*UTF8*$!
{
	archiveVersion = 1;
	classes = {
	};
	objectVersion = 55;
	objects = {

/* Begin PBXBuildFile section */
		0F0F8A212910326F0000E206 /* AppDelegate.swift in Sources */ = {isa = PBXBuildFile; fileRef = 0F0F8A202910326F0000E206 /* AppDelegate.swift */; };
		0F0F8A232910326F0000E206 /* SceneDelegate.swift in Sources */ = {isa = PBXBuildFile; fileRef = 0F0F8A222910326F0000E206 /* SceneDelegate.swift */; };
		0F0F8A282910326F0000E206 /* Main.storyboard in Resources */ = {isa = PBXBuildFile; fileRef = 0F0F8A262910326F0000E206 /* Main.storyboard */; };
		0F0F8A2A291032700000E206 /* Assets.xcassets in Resources */ = {isa = PBXBuildFile; fileRef = 0F0F8A29291032700000E206 /* Assets.xcassets */; };
		0F0F8A2D291032700000E206 /* LaunchScreen.storyboard in Resources */ = {isa = PBXBuildFile; fileRef = 0F0F8A2B291032700000E206 /* LaunchScreen.storyboard */; };
		0F0F8A36291034560000E206 /* WeatherListTableViewController.swift in Sources */ = {isa = PBXBuildFile; fileRef = 0F0F8A35291034560000E206 /* WeatherListTableViewController.swift */; };
		0F0F8A38291034960000E206 /* AddWeatherCityViewController.swift in Sources */ = {isa = PBXBuildFile; fileRef = 0F0F8A37291034960000E206 /* AddWeatherCityViewController.swift */; };
		0F0F8A3B29103C760000E206 /* WeatherCell.swift in Sources */ = {isa = PBXBuildFile; fileRef = 0F0F8A3A29103C760000E206 /* WeatherCell.swift */; };
		0F0F8A3E291043880000E206 /* WebService.swift in Sources */ = {isa = PBXBuildFile; fileRef = 0F0F8A3D291043880000E206 /* WebService.swift */; };
		0F0F8A41291047F50000E206 /* WeatherResponse.swift in Sources */ = {isa = PBXBuildFile; fileRef = 0F0F8A40291047F50000E206 /* WeatherResponse.swift */; };
		0F0F8A4429104A790000E206 /* AddWeatherViewModel.swift in Sources */ = {isa = PBXBuildFile; fileRef = 0F0F8A4329104A790000E206 /* AddWeatherViewModel.swift */; };
		0F0F8A4729104AC10000E206 /* Constants.swift in Sources */ = {isa = PBXBuildFile; fileRef = 0F0F8A4629104AC10000E206 /* Constants.swift */; };
		0F0F8A4A29104B6B0000E206 /* String+Extensions.swift in Sources */ = {isa = PBXBuildFile; fileRef = 0F0F8A4929104B6B0000E206 /* String+Extensions.swift */; };
		0F0F8A4C29104DB70000E206 /* WeatherListViewModel.swift in Sources */ = {isa = PBXBuildFile; fileRef = 0F0F8A4B29104DB70000E206 /* WeatherListViewModel.swift */; };
		0F0F8A4E291057080000E206 /* Double+Extensions.swift in Sources */ = {isa = PBXBuildFile; fileRef = 0F0F8A4D291057080000E206 /* Double+Extensions.swift */; };
/* End PBXBuildFile section */

/* Begin PBXFileReference section */
		0F0F8A1D2910326F0000E206 /* NewGoodWeather.app */ = {isa = PBXFileReference; explicitFileType = wrapper.application; includeInIndex = 0; path = NewGoodWeather.app; sourceTree = BUILT_PRODUCTS_DIR; };
		0F0F8A202910326F0000E206 /* AppDelegate.swift */ = {isa = PBXFileReference; lastKnownFileType = sourcecode.swift; path = AppDelegate.swift; sourceTree = "<group>"; };
		0F0F8A222910326F0000E206 /* SceneDelegate.swift */ = {isa = PBXFileReference; lastKnownFileType = sourcecode.swift; path = SceneDelegate.swift; sourceTree = "<group>"; };
		0F0F8A272910326F0000E206 /* Base */ = {isa = PBXFileReference; lastKnownFileType = file.storyboard; name = Base; path = Base.lproj/Main.storyboard; sourceTree = "<group>"; };
		0F0F8A29291032700000E206 /* Assets.xcassets */ = {isa = PBXFileReference; lastKnownFileType = folder.assetcatalog; path = Assets.xcassets; sourceTree = "<group>"; };
		0F0F8A2C291032700000E206 /* Base */ = {isa = PBXFileReference; lastKnownFileType = file.storyboard; name = Base; path = Base.lproj/LaunchScreen.storyboard; sourceTree = "<group>"; };
		0F0F8A2E291032700000E206 /* Info.plist */ = {isa = PBXFileReference; lastKnownFileType = text.plist.xml; path = Info.plist; sourceTree = "<group>"; };
		0F0F8A35291034560000E206 /* WeatherListTableViewController.swift */ = {isa = PBXFileReference; lastKnownFileType = sourcecode.swift; path = WeatherListTableViewController.swift; sourceTree = "<group>"; };
		0F0F8A37291034960000E206 /* AddWeatherCityViewController.swift */ = {isa = PBXFileReference; lastKnownFileType = sourcecode.swift; path = AddWeatherCityViewController.swift; sourceTree = "<group>"; };
		0F0F8A3A29103C760000E206 /* WeatherCell.swift */ = {isa = PBXFileReference; lastKnownFileType = sourcecode.swift; path = WeatherCell.swift; sourceTree = "<group>"; };
		0F0F8A3D291043880000E206 /* WebService.swift */ = {isa = PBXFileReference; lastKnownFileType = sourcecode.swift; path = WebService.swift; sourceTree = "<group>"; };
		0F0F8A40291047F50000E206 /* WeatherResponse.swift */ = {isa = PBXFileReference; lastKnownFileType = sourcecode.swift; path = WeatherResponse.swift; sourceTree = "<group>"; };
		0F0F8A4329104A790000E206 /* AddWeatherViewModel.swift */ = {isa = PBXFileReference; lastKnownFileType = sourcecode.swift; path = AddWeatherViewModel.swift; sourceTree = "<group>"; };
		0F0F8A4629104AC10000E206 /* Constants.swift */ = {isa = PBXFileReference; lastKnownFileType = sourcecode.swift; path = Constants.swift; sourceTree = "<group>"; };
		0F0F8A4929104B6B0000E206 /* String+Extensions.swift */ = {isa = PBXFileReference; lastKnownFileType = sourcecode.swift; path = "String+Extensions.swift"; sourceTree = "<group>"; };
		0F0F8A4B29104DB70000E206 /* WeatherListViewModel.swift */ = {isa = PBXFileReference; lastKnownFileType = sourcecode.swift; path = WeatherListViewModel.swift; sourceTree = "<group>"; };
		0F0F8A4D291057080000E206 /* Double+Extensions.swift */ = {isa = PBXFileReference; lastKnownFileType = sourcecode.swift; path = "Double+Extensions.swift"; sourceTree = "<group>"; };
/* End PBXFileReference section */

/* Begin PBXFrameworksBuildPhase section */
		0F0F8A1A2910326F0000E206 /* Frameworks */ = {
			isa = PBXFrameworksBuildPhase;
			buildActionMask = 2147483647;
			files = (
			);
			runOnlyForDeploymentPostprocessing = 0;
		};
/* End PBXFrameworksBuildPhase section */

/* Begin PBXGroup section */
		0F0F8A142910326F0000E206 = {
			isa = PBXGroup;
			children = (
				0F0F8A1F2910326F0000E206 /* NewGoodWeather */,
				0F0F8A1E2910326F0000E206 /* Products */,
			);
			sourceTree = "<group>";
		};
		0F0F8A1E2910326F0000E206 /* Products */ = {
			isa = PBXGroup;
			children = (
				0F0F8A1D2910326F0000E206 /* NewGoodWeather.app */,
			);
			name = Products;
			sourceTree = "<group>";
		};
		0F0F8A1F2910326F0000E206 /* NewGoodWeather */ = {
			isa = PBXGroup;
			children = (
				0F0F8A4829104B5A0000E206 /* Extensions */,
				0F0F8A4529104AAD0000E206 /* Utils */,
				0F0F8A4229104A6B0000E206 /* View Models */,
				0F0F8A3F291047CE0000E206 /* Models */,
				0F0F8A3C2910437B0000E206 /* Services */,
				0F0F8A3929103C5A0000E206 /* Custom Cells */,
				0F0F8A34291034220000E206 /* Controllers */,
				0F0F8A202910326F0000E206 /* AppDelegate.swift */,
				0F0F8A222910326F0000E206 /* SceneDelegate.swift */,
				0F0F8A262910326F0000E206 /* Main.storyboard */,
				0F0F8A29291032700000E206 /* Assets.xcassets */,
				0F0F8A2B291032700000E206 /* LaunchScreen.storyboard */,
				0F0F8A2E291032700000E206 /* Info.plist */,
			);
			path = NewGoodWeather;
			sourceTree = "<group>";
		};
		0F0F8A34291034220000E206 /* Controllers */ = {
			isa = PBXGroup;
			children = (
				0F0F8A35291034560000E206 /* WeatherListTableViewController.swift */,
				0F0F8A37291034960000E206 /* AddWeatherCityViewController.swift */,
			);
			path = Controllers;
			sourceTree = "<group>";
		};
		0F0F8A3929103C5A0000E206 /* Custom Cells */ = {
			isa = PBXGroup;
			children = (
				0F0F8A3A29103C760000E206 /* WeatherCell.swift */,
			);
			path = "Custom Cells";
			sourceTree = "<group>";
		};
		0F0F8A3C2910437B0000E206 /* Services */ = {
			isa = PBXGroup;
			children = (
				0F0F8A3D291043880000E206 /* WebService.swift */,
			);
			path = Services;
			sourceTree = "<group>";
		};
		0F0F8A3F291047CE0000E206 /* Models */ = {
			isa = PBXGroup;
			children = (
				0F0F8A40291047F50000E206 /* WeatherResponse.swift */,
			);
			path = Models;
			sourceTree = "<group>";
		};
		0F0F8A4229104A6B0000E206 /* View Models */ = {
			isa = PBXGroup;
			children = (
				0F0F8A4329104A790000E206 /* AddWeatherViewModel.swift */,
				0F0F8A4B29104DB70000E206 /* WeatherListViewModel.swift */,
			);
			path = "View Models";
			sourceTree = "<group>";
		};
		0F0F8A4529104AAD0000E206 /* Utils */ = {
			isa = PBXGroup;
			children = (
				0F0F8A4629104AC10000E206 /* Constants.swift */,
			);
			path = Utils;
			sourceTree = "<group>";
		};
		0F0F8A4829104B5A0000E206 /* Extensions */ = {
			isa = PBXGroup;
			children = (
				0F0F8A4929104B6B0000E206 /* String+Extensions.swift */,
				0F0F8A4D291057080000E206 /* Double+Extensions.swift */,
			);
			path = Extensions;
			sourceTree = "<group>";
		};
/* End PBXGroup section */

/* Begin PBXNativeTarget section */
		0F0F8A1C2910326F0000E206 /* NewGoodWeather */ = {
			isa = PBXNativeTarget;
			buildConfigurationList = 0F0F8A31291032700000E206 /* Build configuration list for PBXNativeTarget "NewGoodWeather" */;
			buildPhases = (
				0F0F8A192910326F0000E206 /* Sources */,
				0F0F8A1A2910326F0000E206 /* Frameworks */,
				0F0F8A1B2910326F0000E206 /* Resources */,
			);
			buildRules = (
			);
			dependencies = (
			);
			name = NewGoodWeather;
			productName = NewGoodWeather;
			productReference = 0F0F8A1D2910326F0000E206 /* NewGoodWeather.app */;
			productType = "com.apple.product-type.application";
		};
/* End PBXNativeTarget section */

/* Begin PBXProject section */
		0F0F8A152910326F0000E206 /* Project object */ = {
			isa = PBXProject;
			attributes = {
				BuildIndependentTargetsInParallel = 1;
				LastSwiftUpdateCheck = 1340;
				LastUpgradeCheck = 1340;
				TargetAttributes = {
					0F0F8A1C2910326F0000E206 = {
						CreatedOnToolsVersion = 13.4.1;
					};
				};
			};
			buildConfigurationList = 0F0F8A182910326F0000E206 /* Build configuration list for PBXProject "NewGoodWeather" */;
			compatibilityVersion = "Xcode 13.0";
			developmentRegion = en;
			hasScannedForEncodings = 0;
			knownRegions = (
				en,
				Base,
			);
			mainGroup = 0F0F8A142910326F0000E206;
			productRefGroup = 0F0F8A1E2910326F0000E206 /* Products */;
			projectDirPath = "";
			projectRoot = "";
			targets = (
				0F0F8A1C2910326F0000E206 /* NewGoodWeather */,
			);
		};
/* End PBXProject section */

/* Begin PBXResourcesBuildPhase section */
		0F0F8A1B2910326F0000E206 /* Resources */ = {
			isa = PBXResourcesBuildPhase;
			buildActionMask = 2147483647;
			files = (
				0F0F8A2D291032700000E206 /* LaunchScreen.storyboard in Resources */,
				0F0F8A2A291032700000E206 /* Assets.xcassets in Resources */,
				0F0F8A282910326F0000E206 /* Main.storyboard in Resources */,
			);
			runOnlyForDeploymentPostprocessing = 0;
		};
/* End PBXResourcesBuildPhase section */

/* Begin PBXSourcesBuildPhase section */
		0F0F8A192910326F0000E206 /* Sources */ = {
			isa = PBXSourcesBuildPhase;
			buildActionMask = 2147483647;
			files = (
				0F0F8A4E291057080000E206 /* Double+Extensions.swift in Sources */,
				0F0F8A4A29104B6B0000E206 /* String+Extensions.swift in Sources */,
				0F0F8A3E291043880000E206 /* WebService.swift in Sources */,
				0F0F8A4429104A790000E206 /* AddWeatherViewModel.swift in Sources */,
				0F0F8A36291034560000E206 /* WeatherListTableViewController.swift in Sources */,
				0F0F8A212910326F0000E206 /* AppDelegate.swift in Sources */,
				0F0F8A41291047F50000E206 /* WeatherResponse.swift in Sources */,
				0F0F8A4C29104DB70000E206 /* WeatherListViewModel.swift in Sources */,
				0F0F8A3B29103C760000E206 /* WeatherCell.swift in Sources */,
				0F0F8A38291034960000E206 /* AddWeatherCityViewController.swift in Sources */,
				0F0F8A232910326F0000E206 /* SceneDelegate.swift in Sources */,
				0F0F8A4729104AC10000E206 /* Constants.swift in Sources */,
			);
			runOnlyForDeploymentPostprocessing = 0;
		};
/* End PBXSourcesBuildPhase section */

/* Begin PBXVariantGroup section */
		0F0F8A262910326F0000E206 /* Main.storyboard */ = {
			isa = PBXVariantGroup;
			children = (
				0F0F8A272910326F0000E206 /* Base */,
			);
			name = Main.storyboard;
			sourceTree = "<group>";
		};
		0F0F8A2B291032700000E206 /* LaunchScreen.storyboard */ = {
			isa = PBXVariantGroup;
			children = (
				0F0F8A2C291032700000E206 /* Base */,
			);
			name = LaunchScreen.storyboard;
			sourceTree = "<group>";
		};
/* End PBXVariantGroup section */

/* Begin XCBuildConfiguration section */
		0F0F8A2F291032700000E206 /* Debug */ = {
			isa = XCBuildConfiguration;
			buildSettings = {
				ALWAYS_SEARCH_USER_PATHS = NO;
				CLANG_ANALYZER_NONNULL = YES;
				CLANG_ANALYZER_NUMBER_OBJECT_CONVERSION = YES_AGGRESSIVE;
				CLANG_CXX_LANGUAGE_STANDARD = "gnu++17";
				CLANG_ENABLE_MODULES = YES;
				CLANG_ENABLE_OBJC_ARC = YES;
				CLANG_ENABLE_OBJC_WEAK = YES;
				CLANG_WARN_BLOCK_CAPTURE_AUTORELEASING = YES;
				CLANG_WARN_BOOL_CONVERSION = YES;
				CLANG_WARN_COMMA = YES;
				CLANG_WARN_CONSTANT_CONVERSION = YES;
				CLANG_WARN_DEPRECATED_OBJC_IMPLEMENTATIONS = YES;
				CLANG_WARN_DIRECT_OBJC_ISA_USAGE = YES_ERROR;
				CLANG_WARN_DOCUMENTATION_COMMENTS = YES;
				CLANG_WARN_EMPTY_BODY = YES;
				CLANG_WARN_ENUM_CONVERSION = YES;
				CLANG_WARN_INFINITE_RECURSION = YES;
				CLANG_WARN_INT_CONVERSION = YES;
				CLANG_WARN_NON_LITERAL_NULL_CONVERSION = YES;
				CLANG_WARN_OBJC_IMPLICIT_RETAIN_SELF = YES;
				CLANG_WARN_OBJC_LITERAL_CONVERSION = YES;
				CLANG_WARN_OBJC_ROOT_CLASS = YES_ERROR;
				CLANG_WARN_QUOTED_INCLUDE_IN_FRAMEWORK_HEADER = YES;
				CLANG_WARN_RANGE_LOOP_ANALYSIS = YES;
				CLANG_WARN_STRICT_PROTOTYPES = YES;
				CLANG_WARN_SUSPICIOUS_MOVE = YES;
				CLANG_WARN_UNGUARDED_AVAILABILITY = YES_AGGRESSIVE;
				CLANG_WARN_UNREACHABLE_CODE = YES;
				CLANG_WARN__DUPLICATE_METHOD_MATCH = YES;
				COPY_PHASE_STRIP = NO;
				DEBUG_INFORMATION_FORMAT = dwarf;
				ENABLE_STRICT_OBJC_MSGSEND = YES;
				ENABLE_TESTABILITY = YES;
				GCC_C_LANGUAGE_STANDARD = gnu11;
				GCC_DYNAMIC_NO_PIC = NO;
				GCC_NO_COMMON_BLOCKS = YES;
				GCC_OPTIMIZATION_LEVEL = 0;
				GCC_PREPROCESSOR_DEFINITIONS = (
					"DEBUG=1",
					"$(inherited)",
				);
				GCC_WARN_64_TO_32_BIT_CONVERSION = YES;
				GCC_WARN_ABOUT_RETURN_TYPE = YES_ERROR;
				GCC_WARN_UNDECLARED_SELECTOR = YES;
				GCC_WARN_UNINITIALIZED_AUTOS = YES_AGGRESSIVE;
				GCC_WARN_UNUSED_FUNCTION = YES;
				GCC_WARN_UNUSED_VARIABLE = YES;
				IPHONEOS_DEPLOYMENT_TARGET = 15.5;
				MTL_ENABLE_DEBUG_INFO = INCLUDE_SOURCE;
				MTL_FAST_MATH = YES;
				ONLY_ACTIVE_ARCH = YES;
				SDKROOT = iphoneos;
				SWIFT_ACTIVE_COMPILATION_CONDITIONS = DEBUG;
				SWIFT_OPTIMIZATION_LEVEL = "-Onone";
			};
			name = Debug;
		};
		0F0F8A30291032700000E206 /* Release */ = {
			isa = XCBuildConfiguration;
			buildSettings = {
				ALWAYS_SEARCH_USER_PATHS = NO;
				CLANG_ANALYZER_NONNULL = YES;
				CLANG_ANALYZER_NUMBER_OBJECT_CONVERSION = YES_AGGRESSIVE;
				CLANG_CXX_LANGUAGE_STANDARD = "gnu++17";
				CLANG_ENABLE_MODULES = YES;
				CLANG_ENABLE_OBJC_ARC = YES;
				CLANG_ENABLE_OBJC_WEAK = YES;
				CLANG_WARN_BLOCK_CAPTURE_AUTORELEASING = YES;
				CLANG_WARN_BOOL_CONVERSION = YES;
				CLANG_WARN_COMMA = YES;
				CLANG_WARN_CONSTANT_CONVERSION = YES;
				CLANG_WARN_DEPRECATED_OBJC_IMPLEMENTATIONS = YES;
				CLANG_WARN_DIRECT_OBJC_ISA_USAGE = YES_ERROR;
				CLANG_WARN_DOCUMENTATION_COMMENTS = YES;
				CLANG_WARN_EMPTY_BODY = YES;
				CLANG_WARN_ENUM_CONVERSION = YES;
				CLANG_WARN_INFINITE_RECURSION = YES;
				CLANG_WARN_INT_CONVERSION = YES;
				CLANG_WARN_NON_LITERAL_NULL_CONVERSION = YES;
				CLANG_WARN_OBJC_IMPLICIT_RETAIN_SELF = YES;
				CLANG_WARN_OBJC_LITERAL_CONVERSION = YES;
				CLANG_WARN_OBJC_ROOT_CLASS = YES_ERROR;
				CLANG_WARN_QUOTED_INCLUDE_IN_FRAMEWORK_HEADER = YES;
				CLANG_WARN_RANGE_LOOP_ANALYSIS = YES;
				CLANG_WARN_STRICT_PROTOTYPES = YES;
				CLANG_WARN_SUSPICIOUS_MOVE = YES;
				CLANG_WARN_UNGUARDED_AVAILABILITY = YES_AGGRESSIVE;
				CLANG_WARN_UNREACHABLE_CODE = YES;
				CLANG_WARN__DUPLICATE_METHOD_MATCH = YES;
				COPY_PHASE_STRIP = NO;
				DEBUG_INFORMATION_FORMAT = "dwarf-with-dsym";
				ENABLE_NS_ASSERTIONS = NO;
				ENABLE_STRICT_OBJC_MSGSEND = YES;
				GCC_C_LANGUAGE_STANDARD = gnu11;
				GCC_NO_COMMON_BLOCKS = YES;
				GCC_WARN_64_TO_32_BIT_CONVERSION = YES;
				GCC_WARN_ABOUT_RETURN_TYPE = YES_ERROR;
				GCC_WARN_UNDECLARED_SELECTOR = YES;
				GCC_WARN_UNINITIALIZED_AUTOS = YES_AGGRESSIVE;
				GCC_WARN_UNUSED_FUNCTION = YES;
				GCC_WARN_UNUSED_VARIABLE = YES;
				IPHONEOS_DEPLOYMENT_TARGET = 15.5;
				MTL_ENABLE_DEBUG_INFO = NO;
				MTL_FAST_MATH = YES;
				SDKROOT = iphoneos;
				SWIFT_COMPILATION_MODE = wholemodule;
				SWIFT_OPTIMIZATION_LEVEL = "-O";
				VALIDATE_PRODUCT = YES;
			};
			name = Release;
		};
		0F0F8A32291032700000E206 /* Debug */ = {
			isa = XCBuildConfiguration;
			buildSettings = {
				ASSETCATALOG_COMPILER_APPICON_NAME = AppIcon;
				ASSETCATALOG_COMPILER_GLOBAL_ACCENT_COLOR_NAME = AccentColor;
				CODE_SIGN_STYLE = Automatic;
				CURRENT_PROJECT_VERSION = 1;
				DEVELOPMENT_TEAM = GC9ZQSV3G8;
				GENERATE_INFOPLIST_FILE = YES;
				INFOPLIST_FILE = NewGoodWeather/Info.plist;
				INFOPLIST_KEY_UIApplicationSupportsIndirectInputEvents = YES;
				INFOPLIST_KEY_UILaunchStoryboardName = LaunchScreen;
				INFOPLIST_KEY_UIMainStoryboardFile = Main;
				INFOPLIST_KEY_UISupportedInterfaceOrientations_iPad = "UIInterfaceOrientationPortrait UIInterfaceOrientationPortraitUpsideDown UIInterfaceOrientationLandscapeLeft UIInterfaceOrientationLandscapeRight";
				INFOPLIST_KEY_UISupportedInterfaceOrientations_iPhone = "UIInterfaceOrientationPortrait UIInterfaceOrientationLandscapeLeft UIInterfaceOrientationLandscapeRight";
				LD_RUNPATH_SEARCH_PATHS = (
					"$(inherited)",
					"@executable_path/Frameworks",
				);
				MARKETING_VERSION = 1.0;
				PRODUCT_BUNDLE_IDENTIFIER = co.luciarigoni.NewGoodWeather;
				PRODUCT_NAME = "$(TARGET_NAME)";
				SWIFT_EMIT_LOC_STRINGS = YES;
				SWIFT_VERSION = 5.0;
				TARGETED_DEVICE_FAMILY = "1,2";
			};
			name = Debug;
		};
		0F0F8A33291032700000E206 /* Release */ = {
			isa = XCBuildConfiguration;
			buildSettings = {
				ASSETCATALOG_COMPILER_APPICON_NAME = AppIcon;
				ASSETCATALOG_COMPILER_GLOBAL_ACCENT_COLOR_NAME = AccentColor;
				CODE_SIGN_STYLE = Automatic;
				CURRENT_PROJECT_VERSION = 1;
				DEVELOPMENT_TEAM = GC9ZQSV3G8;
				GENERATE_INFOPLIST_FILE = YES;
				INFOPLIST_FILE = NewGoodWeather/Info.plist;
				INFOPLIST_KEY_UIApplicationSupportsIndirectInputEvents = YES;
				INFOPLIST_KEY_UILaunchStoryboardName = LaunchScreen;
				INFOPLIST_KEY_UIMainStoryboardFile = Main;
				INFOPLIST_KEY_UISupportedInterfaceOrientations_iPad = "UIInterfaceOrientationPortrait UIInterfaceOrientationPortraitUpsideDown UIInterfaceOrientationLandscapeLeft UIInterfaceOrientationLandscapeRight";
				INFOPLIST_KEY_UISupportedInterfaceOrientations_iPhone = "UIInterfaceOrientationPortrait UIInterfaceOrientationLandscapeLeft UIInterfaceOrientationLandscapeRight";
				LD_RUNPATH_SEARCH_PATHS = (
					"$(inherited)",
					"@executable_path/Frameworks",
				);
				MARKETING_VERSION = 1.0;
				PRODUCT_BUNDLE_IDENTIFIER = co.luciarigoni.NewGoodWeather;
				PRODUCT_NAME = "$(TARGET_NAME)";
				SWIFT_EMIT_LOC_STRINGS = YES;
				SWIFT_VERSION = 5.0;
				TARGETED_DEVICE_FAMILY = "1,2";
			};
			name = Release;
		};
/* End XCBuildConfiguration section */

/* Begin XCConfigurationList section */
		0F0F8A182910326F0000E206 /* Build configuration list for PBXProject "NewGoodWeather" */ = {
			isa = XCConfigurationList;
			buildConfigurations = (
				0F0F8A2F291032700000E206 /* Debug */,
				0F0F8A30291032700000E206 /* Release */,
			);
			defaultConfigurationIsVisible = 0;
			defaultConfigurationName = Release;
		};
		0F0F8A31291032700000E206 /* Build configuration list for PBXNativeTarget "NewGoodWeather" */ = {
			isa = XCConfigurationList;
			buildConfigurations = (
				0F0F8A32291032700000E206 /* Debug */,
				0F0F8A33291032700000E206 /* Release */,
			);
			defaultConfigurationIsVisible = 0;
			defaultConfigurationName = Release;
		};
/* End XCConfigurationList section */
	};
	rootObject = 0F0F8A152910326F0000E206 /* Project object */;
}
